// !$*UTF8*$!
{
	archiveVersion = 1;
	classes = {
	};
	objectVersion = 46;
	objects = {

/* Begin PBXBuildFile section */
		F30FB9401ECB272E0000709D /* PieChart.framework in Frameworks */ = {isa = PBXBuildFile; fileRef = F30FB9361ECB272E0000709D /* PieChart.framework */; };
		F30FB9451ECB272E0000709D /* PieChartTests.swift in Sources */ = {isa = PBXBuildFile; fileRef = F30FB9441ECB272E0000709D /* PieChartTests.swift */; };
		F31153421ECC73ED00EF5C92 /* WedgeModel.swift in Sources */ = {isa = PBXBuildFile; fileRef = F31153411ECC73ED00EF5C92 /* WedgeModel.swift */; };
		F34AFE5B1ECD8F4200EEB14F /* CorePlot.framework in Frameworks */ = {isa = PBXBuildFile; fileRef = F34AFE5A1ECD8F4200EEB14F /* CorePlot.framework */; };
		F34AFE681ECDAA6E00EEB14F /* WedgeModel.h in Headers */ = {isa = PBXBuildFile; fileRef = F34AFE671ECDAA6E00EEB14F /* WedgeModel.h */; settings = {ATTRIBUTES = (Public, ); }; };
		F34AFE6A1ECDB10900EEB14F /* PieChart.h in Headers */ = {isa = PBXBuildFile; fileRef = F30FB9391ECB272E0000709D /* PieChart.h */; settings = {ATTRIBUTES = (Public, ); }; };
		F34CD2371ECC14290033EDCB /* PieChart.swift in Sources */ = {isa = PBXBuildFile; fileRef = F34CD2361ECC14290033EDCB /* PieChart.swift */; };
/* End PBXBuildFile section */

/* Begin PBXContainerItemProxy section */
		F30FB9411ECB272E0000709D /* PBXContainerItemProxy */ = {
			isa = PBXContainerItemProxy;
			containerPortal = F30FB92D1ECB272E0000709D /* Project object */;
			proxyType = 1;
			remoteGlobalIDString = F30FB9351ECB272E0000709D;
			remoteInfo = PieChart;
		};
/* End PBXContainerItemProxy section */

/* Begin PBXFileReference section */
		F30FB9361ECB272E0000709D /* PieChart.framework */ = {isa = PBXFileReference; explicitFileType = wrapper.framework; includeInIndex = 0; path = PieChart.framework; sourceTree = BUILT_PRODUCTS_DIR; };
		F30FB9391ECB272E0000709D /* PieChart.h */ = {isa = PBXFileReference; lastKnownFileType = sourcecode.c.h; path = PieChart.h; sourceTree = "<group>"; };
		F30FB93A1ECB272E0000709D /* Info.plist */ = {isa = PBXFileReference; lastKnownFileType = text.plist.xml; path = Info.plist; sourceTree = "<group>"; };
		F30FB93F1ECB272E0000709D /* PieChartTests.xctest */ = {isa = PBXFileReference; explicitFileType = wrapper.cfbundle; includeInIndex = 0; path = PieChartTests.xctest; sourceTree = BUILT_PRODUCTS_DIR; };
		F30FB9441ECB272E0000709D /* PieChartTests.swift */ = {isa = PBXFileReference; lastKnownFileType = sourcecode.swift; path = PieChartTests.swift; sourceTree = "<group>"; };
		F30FB9461ECB272E0000709D /* Info.plist */ = {isa = PBXFileReference; lastKnownFileType = text.plist.xml; path = Info.plist; sourceTree = "<group>"; };
		F31153411ECC73ED00EF5C92 /* WedgeModel.swift */ = {isa = PBXFileReference; fileEncoding = 4; lastKnownFileType = sourcecode.swift; path = WedgeModel.swift; sourceTree = "<group>"; };
		F34AFE5A1ECD8F4200EEB14F /* CorePlot.framework */ = {isa = PBXFileReference; lastKnownFileType = wrapper.framework; name = CorePlot.framework; path = Carthage/Build/iOS/CorePlot.framework; sourceTree = "<group>"; };
		F34AFE671ECDAA6E00EEB14F /* WedgeModel.h */ = {isa = PBXFileReference; fileEncoding = 4; lastKnownFileType = sourcecode.c.h; path = WedgeModel.h; sourceTree = "<group>"; };
		F34CD2361ECC14290033EDCB /* PieChart.swift */ = {isa = PBXFileReference; fileEncoding = 4; lastKnownFileType = sourcecode.swift; path = PieChart.swift; sourceTree = "<group>"; };
/* End PBXFileReference section */

/* Begin PBXFrameworksBuildPhase section */
		F30FB9321ECB272E0000709D /* Frameworks */ = {
			isa = PBXFrameworksBuildPhase;
			buildActionMask = 2147483647;
			files = (
				F34AFE5B1ECD8F4200EEB14F /* CorePlot.framework in Frameworks */,
			);
			runOnlyForDeploymentPostprocessing = 0;
		};
		F30FB93C1ECB272E0000709D /* Frameworks */ = {
			isa = PBXFrameworksBuildPhase;
			buildActionMask = 2147483647;
			files = (
				F30FB9401ECB272E0000709D /* PieChart.framework in Frameworks */,
			);
			runOnlyForDeploymentPostprocessing = 0;
		};
/* End PBXFrameworksBuildPhase section */

/* Begin PBXGroup section */
		F30FB92C1ECB272E0000709D = {
			isa = PBXGroup;
			children = (
				F30FB9381ECB272E0000709D /* PieChart */,
				F30FB9431ECB272E0000709D /* PieChartTests */,
				F30FB9371ECB272E0000709D /* Products */,
				F34CD2331ECC140F0033EDCB /* Frameworks */,
			);
			sourceTree = "<group>";
		};
		F30FB9371ECB272E0000709D /* Products */ = {
			isa = PBXGroup;
			children = (
				F30FB9361ECB272E0000709D /* PieChart.framework */,
				F30FB93F1ECB272E0000709D /* PieChartTests.xctest */,
			);
			name = Products;
			sourceTree = "<group>";
		};
		F30FB9381ECB272E0000709D /* PieChart */ = {
			isa = PBXGroup;
			children = (
				F30FB93A1ECB272E0000709D /* Info.plist */,
				F30FB9391ECB272E0000709D /* PieChart.h */,
				F34CD2361ECC14290033EDCB /* PieChart.swift */,
				F34AFE671ECDAA6E00EEB14F /* WedgeModel.h */,
				F31153411ECC73ED00EF5C92 /* WedgeModel.swift */,
			);
			path = PieChart;
			sourceTree = "<group>";
		};
		F30FB9431ECB272E0000709D /* PieChartTests */ = {
			isa = PBXGroup;
			children = (
				F30FB9441ECB272E0000709D /* PieChartTests.swift */,
				F30FB9461ECB272E0000709D /* Info.plist */,
			);
			path = PieChartTests;
			sourceTree = "<group>";
		};
		F34CD2331ECC140F0033EDCB /* Frameworks */ = {
			isa = PBXGroup;
			children = (
				F34AFE5A1ECD8F4200EEB14F /* CorePlot.framework */,
			);
			name = Frameworks;
			sourceTree = "<group>";
		};
/* End PBXGroup section */

/* Begin PBXHeadersBuildPhase section */
		F30FB9331ECB272E0000709D /* Headers */ = {
			isa = PBXHeadersBuildPhase;
			buildActionMask = 2147483647;
			files = (
				F34AFE681ECDAA6E00EEB14F /* WedgeModel.h in Headers */,
				F34AFE6A1ECDB10900EEB14F /* PieChart.h in Headers */,
			);
			runOnlyForDeploymentPostprocessing = 0;
		};
/* End PBXHeadersBuildPhase section */

/* Begin PBXNativeTarget section */
		F30FB9351ECB272E0000709D /* PieChart */ = {
			isa = PBXNativeTarget;
			buildConfigurationList = F30FB94A1ECB272E0000709D /* Build configuration list for PBXNativeTarget "PieChart" */;
			buildPhases = (
				F30FB9311ECB272E0000709D /* Sources */,
				F30FB9321ECB272E0000709D /* Frameworks */,
				F30FB9331ECB272E0000709D /* Headers */,
				F30FB9341ECB272E0000709D /* Resources */,
			);
			buildRules = (
			);
			dependencies = (
			);
			name = PieChart;
			productName = PieChart;
			productReference = F30FB9361ECB272E0000709D /* PieChart.framework */;
			productType = "com.apple.product-type.framework";
		};
		F30FB93E1ECB272E0000709D /* PieChartTests */ = {
			isa = PBXNativeTarget;
			buildConfigurationList = F30FB94D1ECB272E0000709D /* Build configuration list for PBXNativeTarget "PieChartTests" */;
			buildPhases = (
				F30FB93B1ECB272E0000709D /* Sources */,
				F30FB93C1ECB272E0000709D /* Frameworks */,
				F30FB93D1ECB272E0000709D /* Resources */,
			);
			buildRules = (
			);
			dependencies = (
				F30FB9421ECB272E0000709D /* PBXTargetDependency */,
			);
			name = PieChartTests;
			productName = PieChartTests;
			productReference = F30FB93F1ECB272E0000709D /* PieChartTests.xctest */;
			productType = "com.apple.product-type.bundle.unit-test";
		};
/* End PBXNativeTarget section */

/* Begin PBXProject section */
		F30FB92D1ECB272E0000709D /* Project object */ = {
			isa = PBXProject;
			attributes = {
				LastSwiftUpdateCheck = 0830;
				LastUpgradeCheck = 0830;
				ORGANIZATIONNAME = "Dharay Mistry";
				TargetAttributes = {
					F30FB9351ECB272E0000709D = {
						CreatedOnToolsVersion = 8.3;
						LastSwiftMigration = 0830;
						ProvisioningStyle = Automatic;
					};
					F30FB93E1ECB272E0000709D = {
						CreatedOnToolsVersion = 8.3;
						ProvisioningStyle = Automatic;
					};
				};
			};
			buildConfigurationList = F30FB9301ECB272E0000709D /* Build configuration list for PBXProject "PieChart" */;
			compatibilityVersion = "Xcode 3.2";
			developmentRegion = English;
			hasScannedForEncodings = 0;
			knownRegions = (
				en,
			);
			mainGroup = F30FB92C1ECB272E0000709D;
			productRefGroup = F30FB9371ECB272E0000709D /* Products */;
			projectDirPath = "";
			projectRoot = "";
			targets = (
				F30FB9351ECB272E0000709D /* PieChart */,
				F30FB93E1ECB272E0000709D /* PieChartTests */,
			);
		};
/* End PBXProject section */

/* Begin PBXResourcesBuildPhase section */
		F30FB9341ECB272E0000709D /* Resources */ = {
			isa = PBXResourcesBuildPhase;
			buildActionMask = 2147483647;
			files = (
			);
			runOnlyForDeploymentPostprocessing = 0;
		};
		F30FB93D1ECB272E0000709D /* Resources */ = {
			isa = PBXResourcesBuildPhase;
			buildActionMask = 2147483647;
			files = (
			);
			runOnlyForDeploymentPostprocessing = 0;
		};
/* End PBXResourcesBuildPhase section */

/* Begin PBXSourcesBuildPhase section */
		F30FB9311ECB272E0000709D /* Sources */ = {
			isa = PBXSourcesBuildPhase;
			buildActionMask = 2147483647;
			files = (
				F31153421ECC73ED00EF5C92 /* WedgeModel.swift in Sources */,
				F34CD2371ECC14290033EDCB /* PieChart.swift in Sources */,
			);
			runOnlyForDeploymentPostprocessing = 0;
		};
		F30FB93B1ECB272E0000709D /* Sources */ = {
			isa = PBXSourcesBuildPhase;
			buildActionMask = 2147483647;
			files = (
				F30FB9451ECB272E0000709D /* PieChartTests.swift in Sources */,
			);
			runOnlyForDeploymentPostprocessing = 0;
		};
/* End PBXSourcesBuildPhase section */

/* Begin PBXTargetDependency section */
		F30FB9421ECB272E0000709D /* PBXTargetDependency */ = {
			isa = PBXTargetDependency;
			target = F30FB9351ECB272E0000709D /* PieChart */;
			targetProxy = F30FB9411ECB272E0000709D /* PBXContainerItemProxy */;
		};
/* End PBXTargetDependency section */

/* Begin XCBuildConfiguration section */
		F30FB9481ECB272E0000709D /* Debug */ = {
			isa = XCBuildConfiguration;
			buildSettings = {
				ALWAYS_SEARCH_USER_PATHS = NO;
				CLANG_ANALYZER_NONNULL = YES;
				CLANG_ANALYZER_NUMBER_OBJECT_CONVERSION = YES_AGGRESSIVE;
				CLANG_CXX_LANGUAGE_STANDARD = "gnu++0x";
				CLANG_CXX_LIBRARY = "libc++";
				CLANG_ENABLE_MODULES = YES;
				CLANG_ENABLE_OBJC_ARC = YES;
				CLANG_WARN_BOOL_CONVERSION = YES;
				CLANG_WARN_CONSTANT_CONVERSION = YES;
				CLANG_WARN_DIRECT_OBJC_ISA_USAGE = YES_ERROR;
				CLANG_WARN_DOCUMENTATION_COMMENTS = YES;
				CLANG_WARN_EMPTY_BODY = YES;
				CLANG_WARN_ENUM_CONVERSION = YES;
				CLANG_WARN_INFINITE_RECURSION = YES;
				CLANG_WARN_INT_CONVERSION = YES;
				CLANG_WARN_OBJC_ROOT_CLASS = YES_ERROR;
				CLANG_WARN_SUSPICIOUS_MOVE = YES;
				CLANG_WARN_UNREACHABLE_CODE = YES;
				CLANG_WARN__DUPLICATE_METHOD_MATCH = YES;
				"CODE_SIGN_IDENTITY[sdk=iphoneos*]" = "iPhone Developer";
				COPY_PHASE_STRIP = NO;
				CURRENT_PROJECT_VERSION = 1;
				DEBUG_INFORMATION_FORMAT = dwarf;
				ENABLE_STRICT_OBJC_MSGSEND = YES;
				ENABLE_TESTABILITY = YES;
				GCC_C_LANGUAGE_STANDARD = gnu99;
				GCC_DYNAMIC_NO_PIC = NO;
				GCC_NO_COMMON_BLOCKS = YES;
				GCC_OPTIMIZATION_LEVEL = 0;
				GCC_PREPROCESSOR_DEFINITIONS = (
					"DEBUG=1",
					"$(inherited)",
				);
				GCC_WARN_64_TO_32_BIT_CONVERSION = YES;
				GCC_WARN_ABOUT_RETURN_TYPE = YES_ERROR;
				GCC_WARN_UNDECLARED_SELECTOR = YES;
				GCC_WARN_UNINITIALIZED_AUTOS = YES_AGGRESSIVE;
				GCC_WARN_UNUSED_FUNCTION = YES;
				GCC_WARN_UNUSED_VARIABLE = YES;
				IPHONEOS_DEPLOYMENT_TARGET = 10.3;
				MTL_ENABLE_DEBUG_INFO = YES;
				ONLY_ACTIVE_ARCH = YES;
				SDKROOT = iphoneos;
				SWIFT_ACTIVE_COMPILATION_CONDITIONS = DEBUG;
				SWIFT_OPTIMIZATION_LEVEL = "-Onone";
				TARGETED_DEVICE_FAMILY = "1,2";
				VERSIONING_SYSTEM = "apple-generic";
				VERSION_INFO_PREFIX = "";
			};
			name = Debug;
		};
		F30FB9491ECB272E0000709D /* Release */ = {
			isa = XCBuildConfiguration;
			buildSettings = {
				ALWAYS_SEARCH_USER_PATHS = NO;
				CLANG_ANALYZER_NONNULL = YES;
				CLANG_ANALYZER_NUMBER_OBJECT_CONVERSION = YES_AGGRESSIVE;
				CLANG_CXX_LANGUAGE_STANDARD = "gnu++0x";
				CLANG_CXX_LIBRARY = "libc++";
				CLANG_ENABLE_MODULES = YES;
				CLANG_ENABLE_OBJC_ARC = YES;
				CLANG_WARN_BOOL_CONVERSION = YES;
				CLANG_WARN_CONSTANT_CONVERSION = YES;
				CLANG_WARN_DIRECT_OBJC_ISA_USAGE = YES_ERROR;
				CLANG_WARN_DOCUMENTATION_COMMENTS = YES;
				CLANG_WARN_EMPTY_BODY = YES;
				CLANG_WARN_ENUM_CONVERSION = YES;
				CLANG_WARN_INFINITE_RECURSION = YES;
				CLANG_WARN_INT_CONVERSION = YES;
				CLANG_WARN_OBJC_ROOT_CLASS = YES_ERROR;
				CLANG_WARN_SUSPICIOUS_MOVE = YES;
				CLANG_WARN_UNREACHABLE_CODE = YES;
				CLANG_WARN__DUPLICATE_METHOD_MATCH = YES;
				"CODE_SIGN_IDENTITY[sdk=iphoneos*]" = "iPhone Developer";
				COPY_PHASE_STRIP = NO;
				CURRENT_PROJECT_VERSION = 1;
				DEBUG_INFORMATION_FORMAT = "dwarf-with-dsym";
				ENABLE_NS_ASSERTIONS = NO;
				ENABLE_STRICT_OBJC_MSGSEND = YES;
				GCC_C_LANGUAGE_STANDARD = gnu99;
				GCC_NO_COMMON_BLOCKS = YES;
				GCC_WARN_64_TO_32_BIT_CONVERSION = YES;
				GCC_WARN_ABOUT_RETURN_TYPE = YES_ERROR;
				GCC_WARN_UNDECLARED_SELECTOR = YES;
				GCC_WARN_UNINITIALIZED_AUTOS = YES_AGGRESSIVE;
				GCC_WARN_UNUSED_FUNCTION = YES;
				GCC_WARN_UNUSED_VARIABLE = YES;
				IPHONEOS_DEPLOYMENT_TARGET = 10.3;
				MTL_ENABLE_DEBUG_INFO = NO;
				SDKROOT = iphoneos;
				SWIFT_OPTIMIZATION_LEVEL = "-Owholemodule";
				TARGETED_DEVICE_FAMILY = "1,2";
				VALIDATE_PRODUCT = YES;
				VERSIONING_SYSTEM = "apple-generic";
				VERSION_INFO_PREFIX = "";
			};
			name = Release;
		};
		F30FB94B1ECB272E0000709D /* Debug */ = {
			isa = XCBuildConfiguration;
			buildSettings = {
				CLANG_ENABLE_MODULES = YES;
				CODE_SIGN_IDENTITY = "";
				DEFINES_MODULE = YES;
				DYLIB_COMPATIBILITY_VERSION = 1;
				DYLIB_CURRENT_VERSION = 1;
				DYLIB_INSTALL_NAME_BASE = "@rpath";
				FRAMEWORK_SEARCH_PATHS = (
					"$(inherited)",
					"$(PROJECT_DIR)/Carthage/Build/iOS",
					"$(PROJECT_DIR)/Carthage/Build/Mac",
				);
				INFOPLIST_FILE = PieChart/Info.plist;
				INSTALL_PATH = "$(LOCAL_LIBRARY_DIR)/Frameworks";
				LD_RUNPATH_SEARCH_PATHS = "$(inherited) @executable_path/Frameworks @loader_path/Frameworks";
				PRODUCT_BUNDLE_IDENTIFIER = com.infosys.PieChart;
				PRODUCT_NAME = "$(TARGET_NAME)";
				SKIP_INSTALL = YES;
				SWIFT_OPTIMIZATION_LEVEL = "-Onone";
				SWIFT_VERSION = 3.0;
			};
			name = Debug;
		};
		F30FB94C1ECB272E0000709D /* Release */ = {
			isa = XCBuildConfiguration;
			buildSettings = {
				CLANG_ENABLE_MODULES = YES;
				CODE_SIGN_IDENTITY = "";
				DEFINES_MODULE = YES;
				DYLIB_COMPATIBILITY_VERSION = 1;
				DYLIB_CURRENT_VERSION = 1;
				DYLIB_INSTALL_NAME_BASE = "@rpath";
				FRAMEWORK_SEARCH_PATHS = (
					"$(inherited)",
					"$(PROJECT_DIR)/Carthage/Build/iOS",
					"$(PROJECT_DIR)/Carthage/Build/Mac",
				);
				INFOPLIST_FILE = PieChart/Info.plist;
				INSTALL_PATH = "$(LOCAL_LIBRARY_DIR)/Frameworks";
				LD_RUNPATH_SEARCH_PATHS = "$(inherited) @executable_path/Frameworks @loader_path/Frameworks";
				PRODUCT_BUNDLE_IDENTIFIER = com.infosys.PieChart;
				PRODUCT_NAME = "$(TARGET_NAME)";
				SKIP_INSTALL = YES;
				SWIFT_VERSION = 3.0;
			};
			name = Release;
		};
		F30FB94E1ECB272E0000709D /* Debug */ = {
			isa = XCBuildConfiguration;
			buildSettings = {
				ALWAYS_EMBED_SWIFT_STANDARD_LIBRARIES = YES;
				INFOPLIST_FILE = PieChartTests/Info.plist;
				LD_RUNPATH_SEARCH_PATHS = "$(inherited) @executable_path/Frameworks @loader_path/Frameworks";
				PRODUCT_BUNDLE_IDENTIFIER = com.infosys.PieChartTests;
				PRODUCT_NAME = "$(TARGET_NAME)";
				SWIFT_VERSION = 3.0;
			};
			name = Debug;
		};
		F30FB94F1ECB272E0000709D /* Release */ = {
			isa = XCBuildConfiguration;
			buildSettings = {
				ALWAYS_EMBED_SWIFT_STANDARD_LIBRARIES = YES;
				INFOPLIST_FILE = PieChartTests/Info.plist;
				LD_RUNPATH_SEARCH_PATHS = "$(inherited) @executable_path/Frameworks @loader_path/Frameworks";
				PRODUCT_BUNDLE_IDENTIFIER = com.infosys.PieChartTests;
				PRODUCT_NAME = "$(TARGET_NAME)";
				SWIFT_VERSION = 3.0;
			};
			name = Release;
		};
/* End XCBuildConfiguration section */

/* Begin XCConfigurationList section */
		F30FB9301ECB272E0000709D /* Build configuration list for PBXProject "PieChart" */ = {
			isa = XCConfigurationList;
			buildConfigurations = (
				F30FB9481ECB272E0000709D /* Debug */,
				F30FB9491ECB272E0000709D /* Release */,
			);
			defaultConfigurationIsVisible = 0;
			defaultConfigurationName = Release;
		};
		F30FB94A1ECB272E0000709D /* Build configuration list for PBXNativeTarget "PieChart" */ = {
			isa = XCConfigurationList;
			buildConfigurations = (
				F30FB94B1ECB272E0000709D /* Debug */,
				F30FB94C1ECB272E0000709D /* Release */,
			);
			defaultConfigurationIsVisible = 0;
			defaultConfigurationName = Release;
		};
		F30FB94D1ECB272E0000709D /* Build configuration list for PBXNativeTarget "PieChartTests" */ = {
			isa = XCConfigurationList;
			buildConfigurations = (
				F30FB94E1ECB272E0000709D /* Debug */,
				F30FB94F1ECB272E0000709D /* Release */,
			);
			defaultConfigurationIsVisible = 0;
			defaultConfigurationName = Release;
		};
/* End XCConfigurationList section */
	};
	rootObject = F30FB92D1ECB272E0000709D /* Project object */;
}
